
Microsoft Visual Studio Solution File, Format Version 12.00
# Visual Studio Version 16
VisualStudioVersion = 16.0.28922.388
MinimumVisualStudioVersion = 10.0.40219.1
Project("{FAE04EC0-301F-11D3-BF4B-00C04F79EFBC}") = "DupliFilesComparer", "DupliFilesComparer\DupliFilesComparer.csproj", "{797181AD-2DB9-4C3F-8D40-609DE32D8782}"
EndProject
Global
	GlobalSection(SolutionConfigurationPlatforms) = preSolution
		Debug|Any CPU = Debug|Any CPU
		Release|Any CPU = Release|Any CPU
	EndGlobalSection
	GlobalSection(ProjectConfigurationPlatforms) = postSolution
		{797181AD-2DB9-4C3F-8D40-609DE32D8782}.Debug|Any CPU.ActiveCfg = Debug|Any CPU
		{797181AD-2DB9-4C3F-8D40-609DE32D8782}.Debug|Any CPU.Build.0 = Debug|Any CPU
		{797181AD-2DB9-4C3F-8D40-609DE32D8782}.Release|Any CPU.ActiveCfg = Release|Any CPU
		{797181AD-2DB9-4C3F-8D40-609DE32D8782}.Release|Any CPU.Build.0 = Release|Any CPU
	EndGlobalSection
	GlobalSection(SolutionProperties) = preSolution
		HideSolutionNode = FALSE
	EndGlobalSection
	GlobalSection(ExtensibilityGlobals) = postSolution
		SolutionGuid = {E688B40F-71AB-4A19-99FC-439D600A1D7A}
	EndGlobalSection
EndGlobal
